
Microsoft Visual Studio Solution File, Format Version 12.00
# Visual Studio Version 17
VisualStudioVersion = 17.12.35527.113 d17.12
MinimumVisualStudioVersion = 10.0.40219.1
Project("{FAE04EC0-301F-11D3-BF4B-00C04F79EFBC}") = "MSUnitTestDemo", "MSUnitTestDemo\MSUnitTestDemo.csproj", "{725701DC-6D67-4418-A39C-5FF9F8C25D62}"
EndProject
Project("{FAE04EC0-301F-11D3-BF4B-00C04F79EFBC}") = "UnitTestProject", "UnitTestProject\UnitTestProject.csproj", "{7774C116-B357-4225-A9E6-6FAD3FCFD340}"
EndProject
Global
	GlobalSection(SolutionConfigurationPlatforms) = preSolution
		Debug|Any CPU = Debug|Any CPU
		Release|Any CPU = Release|Any CPU
	EndGlobalSection
	GlobalSection(ProjectConfigurationPlatforms) = postSolution
		{725701DC-6D67-4418-A39C-5FF9F8C25D62}.Debug|Any CPU.ActiveCfg = Debug|Any CPU
		{725701DC-6D67-4418-A39C-5FF9F8C25D62}.Debug|Any CPU.Build.0 = Debug|Any CPU
		{725701DC-6D67-4418-A39C-5FF9F8C25D62}.Release|Any CPU.ActiveCfg = Release|Any CPU
		{725701DC-6D67-4418-A39C-5FF9F8C25D62}.Release|Any CPU.Build.0 = Release|Any CPU
		{7774C116-B357-4225-A9E6-6FAD3FCFD340}.Debug|Any CPU.ActiveCfg = Debug|Any CPU
		{7774C116-B357-4225-A9E6-6FAD3FCFD340}.Debug|Any CPU.Build.0 = Debug|Any CPU
		{7774C116-B357-4225-A9E6-6FAD3FCFD340}.Release|Any CPU.ActiveCfg = Release|Any CPU
		{7774C116-B357-4225-A9E6-6FAD3FCFD340}.Release|Any CPU.Build.0 = Release|Any CPU
	EndGlobalSection
	GlobalSection(SolutionProperties) = preSolution
		HideSolutionNode = FALSE
	EndGlobalSection
EndGlobal
